// !$*UTF8*$!
{
	archiveVersion = 1;
	classes = {
	};
	objectVersion = 46;
	objects = {

/* Begin PBXBuildFile section */
		B5485FA71F027E580010D77C /* AppDelegate.swift in Sources */ = {isa = PBXBuildFile; fileRef = B5485FA61F027E580010D77C /* AppDelegate.swift */; };
		B5485FA91F027E580010D77C /* ViewController.swift in Sources */ = {isa = PBXBuildFile; fileRef = B5485FA81F027E580010D77C /* ViewController.swift */; };
		B5485FAC1F027E580010D77C /* Main.storyboard in Resources */ = {isa = PBXBuildFile; fileRef = B5485FAA1F027E580010D77C /* Main.storyboard */; };
		B5485FAE1F027E580010D77C /* Assets.xcassets in Resources */ = {isa = PBXBuildFile; fileRef = B5485FAD1F027E580010D77C /* Assets.xcassets */; };
		B5485FB11F027E580010D77C /* LaunchScreen.storyboard in Resources */ = {isa = PBXBuildFile; fileRef = B5485FAF1F027E580010D77C /* LaunchScreen.storyboard */; };
		B5485FB91F027EFB0010D77C /* UIView+Blur.swift in Sources */ = {isa = PBXBuildFile; fileRef = B5485FB81F027EFB0010D77C /* UIView+Blur.swift */; };
		B5D83CA91F0286B90054B289 /* blur_extra_light.jpg in Resources */ = {isa = PBXBuildFile; fileRef = B5D83CA81F0286B90054B289 /* blur_extra_light.jpg */; };
		B5D83CAB1F0286BF0054B289 /* blur_light.jpg in Resources */ = {isa = PBXBuildFile; fileRef = B5D83CAA1F0286BF0054B289 /* blur_light.jpg */; };
		B5D83CAD1F0286C50054B289 /* blur_dark.jpg in Resources */ = {isa = PBXBuildFile; fileRef = B5D83CAC1F0286C50054B289 /* blur_dark.jpg */; };
/* End PBXBuildFile section */

/* Begin PBXFileReference section */
		B5485FA31F027E580010D77C /* Blur.app */ = {isa = PBXFileReference; explicitFileType = wrapper.application; includeInIndex = 0; path = Blur.app; sourceTree = BUILT_PRODUCTS_DIR; };
		B5485FA61F027E580010D77C /* AppDelegate.swift */ = {isa = PBXFileReference; lastKnownFileType = sourcecode.swift; path = AppDelegate.swift; sourceTree = "<group>"; };
		B5485FA81F027E580010D77C /* ViewController.swift */ = {isa = PBXFileReference; lastKnownFileType = sourcecode.swift; path = ViewController.swift; sourceTree = "<group>"; };
		B5485FAB1F027E580010D77C /* Base */ = {isa = PBXFileReference; lastKnownFileType = file.storyboard; name = Base; path = Base.lproj/Main.storyboard; sourceTree = "<group>"; };
		B5485FAD1F027E580010D77C /* Assets.xcassets */ = {isa = PBXFileReference; lastKnownFileType = folder.assetcatalog; path = Assets.xcassets; sourceTree = "<group>"; };
		B5485FB01F027E580010D77C /* Base */ = {isa = PBXFileReference; lastKnownFileType = file.storyboard; name = Base; path = Base.lproj/LaunchScreen.storyboard; sourceTree = "<group>"; };
		B5485FB21F027E580010D77C /* Info.plist */ = {isa = PBXFileReference; lastKnownFileType = text.plist.xml; path = Info.plist; sourceTree = "<group>"; };
		B5485FB81F027EFB0010D77C /* UIView+Blur.swift */ = {isa = PBXFileReference; fileEncoding = 4; lastKnownFileType = sourcecode.swift; path = "UIView+Blur.swift"; sourceTree = "<group>"; };
		B5D83CA81F0286B90054B289 /* blur_extra_light.jpg */ = {isa = PBXFileReference; lastKnownFileType = image.jpeg; path = blur_extra_light.jpg; sourceTree = "<group>"; };
		B5D83CAA1F0286BF0054B289 /* blur_light.jpg */ = {isa = PBXFileReference; lastKnownFileType = image.jpeg; path = blur_light.jpg; sourceTree = "<group>"; };
		B5D83CAC1F0286C50054B289 /* blur_dark.jpg */ = {isa = PBXFileReference; lastKnownFileType = image.jpeg; path = blur_dark.jpg; sourceTree = "<group>"; };
/* End PBXFileReference section */

/* Begin PBXFrameworksBuildPhase section */
		B5485FA01F027E580010D77C /* Frameworks */ = {
			isa = PBXFrameworksBuildPhase;
			buildActionMask = 2147483647;
			files = (
			);
			runOnlyForDeploymentPostprocessing = 0;
		};
/* End PBXFrameworksBuildPhase section */

/* Begin PBXGroup section */
		B5485F9A1F027E580010D77C = {
			isa = PBXGroup;
			children = (
				B5485FA51F027E580010D77C /* Blur */,
				B5485FA41F027E580010D77C /* Products */,
			);
			sourceTree = "<group>";
		};
		B5485FA41F027E580010D77C /* Products */ = {
			isa = PBXGroup;
			children = (
				B5485FA31F027E580010D77C /* Blur.app */,
			);
			name = Products;
			sourceTree = "<group>";
		};
		B5485FA51F027E580010D77C /* Blur */ = {
			isa = PBXGroup;
			children = (
				B5485FA61F027E580010D77C /* AppDelegate.swift */,
				B5485FBB1F0281FC0010D77C /* UI */,
				B5485FA81F027E580010D77C /* ViewController.swift */,
				B5485FB81F027EFB0010D77C /* UIView+Blur.swift */,
				B5485FBA1F0281EA0010D77C /* Resources */,
			);
			path = Blur;
			sourceTree = "<group>";
		};
		B5485FBA1F0281EA0010D77C /* Resources */ = {
			isa = PBXGroup;
			children = (
				B5D83CAC1F0286C50054B289 /* blur_dark.jpg */,
				B5D83CAA1F0286BF0054B289 /* blur_light.jpg */,
				B5D83CA81F0286B90054B289 /* blur_extra_light.jpg */,
				B5485FAD1F027E580010D77C /* Assets.xcassets */,
				B5485FB21F027E580010D77C /* Info.plist */,
			);
			name = Resources;
			sourceTree = "<group>";
		};
		B5485FBB1F0281FC0010D77C /* UI */ = {
			isa = PBXGroup;
			children = (
				B5485FAA1F027E580010D77C /* Main.storyboard */,
				B5485FAF1F027E580010D77C /* LaunchScreen.storyboard */,
			);
			name = UI;
			sourceTree = "<group>";
		};
/* End PBXGroup section */

/* Begin PBXNativeTarget section */
		B5485FA21F027E580010D77C /* Blur */ = {
			isa = PBXNativeTarget;
			buildConfigurationList = B5485FB51F027E580010D77C /* Build configuration list for PBXNativeTarget "Blur" */;
			buildPhases = (
				B5485F9F1F027E580010D77C /* Sources */,
				B5485FA01F027E580010D77C /* Frameworks */,
				B5485FA11F027E580010D77C /* Resources */,
			);
			buildRules = (
			);
			dependencies = (
			);
			name = Blur;
			productName = Blur;
			productReference = B5485FA31F027E580010D77C /* Blur.app */;
			productType = "com.apple.product-type.application";
		};
/* End PBXNativeTarget section */

/* Begin PBXProject section */
		B5485F9B1F027E580010D77C /* Project object */ = {
			isa = PBXProject;
			attributes = {
				LastSwiftUpdateCheck = 0830;
				LastUpgradeCheck = 0830;
				ORGANIZATIONNAME = MagicLab;
				TargetAttributes = {
					B5485FA21F027E580010D77C = {
						CreatedOnToolsVersion = 8.3.3;
						DevelopmentTeam = SWXVWAU9H9;
						ProvisioningStyle = Automatic;
					};
				};
			};
			buildConfigurationList = B5485F9E1F027E580010D77C /* Build configuration list for PBXProject "Blur" */;
			compatibilityVersion = "Xcode 3.2";
			developmentRegion = English;
			hasScannedForEncodings = 0;
			knownRegions = (
				en,
				Base,
			);
			mainGroup = B5485F9A1F027E580010D77C;
			productRefGroup = B5485FA41F027E580010D77C /* Products */;
			projectDirPath = "";
			projectRoot = "";
			targets = (
				B5485FA21F027E580010D77C /* Blur */,
			);
		};
/* End PBXProject section */

/* Begin PBXResourcesBuildPhase section */
		B5485FA11F027E580010D77C /* Resources */ = {
			isa = PBXResourcesBuildPhase;
			buildActionMask = 2147483647;
			files = (
				B5485FB11F027E580010D77C /* LaunchScreen.storyboard in Resources */,
				B5485FAE1F027E580010D77C /* Assets.xcassets in Resources */,
				B5D83CAD1F0286C50054B289 /* blur_dark.jpg in Resources */,
				B5D83CA91F0286B90054B289 /* blur_extra_light.jpg in Resources */,
				B5485FAC1F027E580010D77C /* Main.storyboard in Resources */,
				B5D83CAB1F0286BF0054B289 /* blur_light.jpg in Resources */,
			);
			runOnlyForDeploymentPostprocessing = 0;
		};
/* End PBXResourcesBuildPhase section */

/* Begin PBXSourcesBuildPhase section */
		B5485F9F1F027E580010D77C /* Sources */ = {
			isa = PBXSourcesBuildPhase;
			buildActionMask = 2147483647;
			files = (
				B5485FB91F027EFB0010D77C /* UIView+Blur.swift in Sources */,
				B5485FA91F027E580010D77C /* ViewController.swift in Sources */,
				B5485FA71F027E580010D77C /* AppDelegate.swift in Sources */,
			);
			runOnlyForDeploymentPostprocessing = 0;
		};
/* End PBXSourcesBuildPhase section */

/* Begin PBXVariantGroup section */
		B5485FAA1F027E580010D77C /* Main.storyboard */ = {
			isa = PBXVariantGroup;
			children = (
				B5485FAB1F027E580010D77C /* Base */,
			);
			name = Main.storyboard;
			sourceTree = "<group>";
		};
		B5485FAF1F027E580010D77C /* LaunchScreen.storyboard */ = {
			isa = PBXVariantGroup;
			children = (
				B5485FB01F027E580010D77C /* Base */,
			);
			name = LaunchScreen.storyboard;
			sourceTree = "<group>";
		};
/* End PBXVariantGroup section */

/* Begin XCBuildConfiguration section */
		B5485FB31F027E580010D77C /* Debug */ = {
			isa = XCBuildConfiguration;
			buildSettings = {
				ALWAYS_SEARCH_USER_PATHS = NO;
				CLANG_ANALYZER_NONNULL = YES;
				CLANG_ANALYZER_NUMBER_OBJECT_CONVERSION = YES_AGGRESSIVE;
				CLANG_CXX_LANGUAGE_STANDARD = "gnu++0x";
				CLANG_CXX_LIBRARY = "libc++";
				CLANG_ENABLE_MODULES = YES;
				CLANG_ENABLE_OBJC_ARC = YES;
				CLANG_WARN_BOOL_CONVERSION = YES;
				CLANG_WARN_CONSTANT_CONVERSION = YES;
				CLANG_WARN_DIRECT_OBJC_ISA_USAGE = YES_ERROR;
				CLANG_WARN_DOCUMENTATION_COMMENTS = YES;
				CLANG_WARN_EMPTY_BODY = YES;
				CLANG_WARN_ENUM_CONVERSION = YES;
				CLANG_WARN_INFINITE_RECURSION = YES;
				CLANG_WARN_INT_CONVERSION = YES;
				CLANG_WARN_OBJC_ROOT_CLASS = YES_ERROR;
				CLANG_WARN_SUSPICIOUS_MOVE = YES;
				CLANG_WARN_UNREACHABLE_CODE = YES;
				CLANG_WARN__DUPLICATE_METHOD_MATCH = YES;
				"CODE_SIGN_IDENTITY[sdk=iphoneos*]" = "iPhone Developer";
				COPY_PHASE_STRIP = NO;
				DEBUG_INFORMATION_FORMAT = dwarf;
				ENABLE_STRICT_OBJC_MSGSEND = YES;
				ENABLE_TESTABILITY = YES;
				GCC_C_LANGUAGE_STANDARD = gnu99;
				GCC_DYNAMIC_NO_PIC = NO;
				GCC_NO_COMMON_BLOCKS = YES;
				GCC_OPTIMIZATION_LEVEL = 0;
				GCC_PREPROCESSOR_DEFINITIONS = (
					"DEBUG=1",
					"$(inherited)",
				);
				GCC_WARN_64_TO_32_BIT_CONVERSION = YES;
				GCC_WARN_ABOUT_RETURN_TYPE = YES_ERROR;
				GCC_WARN_UNDECLARED_SELECTOR = YES;
				GCC_WARN_UNINITIALIZED_AUTOS = YES_AGGRESSIVE;
				GCC_WARN_UNUSED_FUNCTION = YES;
				GCC_WARN_UNUSED_VARIABLE = YES;
				IPHONEOS_DEPLOYMENT_TARGET = 10.3;
				MTL_ENABLE_DEBUG_INFO = YES;
				ONLY_ACTIVE_ARCH = YES;
				SDKROOT = iphoneos;
				SWIFT_ACTIVE_COMPILATION_CONDITIONS = DEBUG;
				SWIFT_OPTIMIZATION_LEVEL = "-Onone";
				TARGETED_DEVICE_FAMILY = "1,2";
			};
			name = Debug;
		};
		B5485FB41F027E580010D77C /* Release */ = {
			isa = XCBuildConfiguration;
			buildSettings = {
				ALWAYS_SEARCH_USER_PATHS = NO;
				CLANG_ANALYZER_NONNULL = YES;
				CLANG_ANALYZER_NUMBER_OBJECT_CONVERSION = YES_AGGRESSIVE;
				CLANG_CXX_LANGUAGE_STANDARD = "gnu++0x";
				CLANG_CXX_LIBRARY = "libc++";
				CLANG_ENABLE_MODULES = YES;
				CLANG_ENABLE_OBJC_ARC = YES;
				CLANG_WARN_BOOL_CONVERSION = YES;
				CLANG_WARN_CONSTANT_CONVERSION = YES;
				CLANG_WARN_DIRECT_OBJC_ISA_USAGE = YES_ERROR;
				CLANG_WARN_DOCUMENTATION_COMMENTS = YES;
				CLANG_WARN_EMPTY_BODY = YES;
				CLANG_WARN_ENUM_CONVERSION = YES;
				CLANG_WARN_INFINITE_RECURSION = YES;
				CLANG_WARN_INT_CONVERSION = YES;
				CLANG_WARN_OBJC_ROOT_CLASS = YES_ERROR;
				CLANG_WARN_SUSPICIOUS_MOVE = YES;
				CLANG_WARN_UNREACHABLE_CODE = YES;
				CLANG_WARN__DUPLICATE_METHOD_MATCH = YES;
				"CODE_SIGN_IDENTITY[sdk=iphoneos*]" = "iPhone Developer";
				COPY_PHASE_STRIP = NO;
				DEBUG_INFORMATION_FORMAT = "dwarf-with-dsym";
				ENABLE_NS_ASSERTIONS = NO;
				ENABLE_STRICT_OBJC_MSGSEND = YES;
				GCC_C_LANGUAGE_STANDARD = gnu99;
				GCC_NO_COMMON_BLOCKS = YES;
				GCC_WARN_64_TO_32_BIT_CONVERSION = YES;
				GCC_WARN_ABOUT_RETURN_TYPE = YES_ERROR;
				GCC_WARN_UNDECLARED_SELECTOR = YES;
				GCC_WARN_UNINITIALIZED_AUTOS = YES_AGGRESSIVE;
				GCC_WARN_UNUSED_FUNCTION = YES;
				GCC_WARN_UNUSED_VARIABLE = YES;
				IPHONEOS_DEPLOYMENT_TARGET = 10.3;
				MTL_ENABLE_DEBUG_INFO = NO;
				SDKROOT = iphoneos;
				SWIFT_OPTIMIZATION_LEVEL = "-Owholemodule";
				TARGETED_DEVICE_FAMILY = "1,2";
				VALIDATE_PRODUCT = YES;
			};
			name = Release;
		};
		B5485FB61F027E580010D77C /* Debug */ = {
			isa = XCBuildConfiguration;
			buildSettings = {
				ASSETCATALOG_COMPILER_APPICON_NAME = AppIcon;
				DEVELOPMENT_TEAM = SWXVWAU9H9;
				INFOPLIST_FILE = Blur/Info.plist;
				IPHONEOS_DEPLOYMENT_TARGET = 8.0;
				LD_RUNPATH_SEARCH_PATHS = "$(inherited) @executable_path/Frameworks";
				PRODUCT_BUNDLE_IDENTIFIER = com.magiclab.Blur;
				PRODUCT_NAME = "$(TARGET_NAME)";
				SWIFT_VERSION = 3.0;
			};
			name = Debug;
		};
		B5485FB71F027E580010D77C /* Release */ = {
			isa = XCBuildConfiguration;
			buildSettings = {
				ASSETCATALOG_COMPILER_APPICON_NAME = AppIcon;
				DEVELOPMENT_TEAM = SWXVWAU9H9;
				INFOPLIST_FILE = Blur/Info.plist;
				IPHONEOS_DEPLOYMENT_TARGET = 8.0;
				LD_RUNPATH_SEARCH_PATHS = "$(inherited) @executable_path/Frameworks";
				PRODUCT_BUNDLE_IDENTIFIER = com.magiclab.Blur;
				PRODUCT_NAME = "$(TARGET_NAME)";
				SWIFT_VERSION = 3.0;
			};
			name = Release;
		};
/* End XCBuildConfiguration section */

/* Begin XCConfigurationList section */
		B5485F9E1F027E580010D77C /* Build configuration list for PBXProject "Blur" */ = {
			isa = XCConfigurationList;
			buildConfigurations = (
				B5485FB31F027E580010D77C /* Debug */,
				B5485FB41F027E580010D77C /* Release */,
			);
			defaultConfigurationIsVisible = 0;
			defaultConfigurationName = Release;
		};
		B5485FB51F027E580010D77C /* Build configuration list for PBXNativeTarget "Blur" */ = {
			isa = XCConfigurationList;
			buildConfigurations = (
				B5485FB61F027E580010D77C /* Debug */,
				B5485FB71F027E580010D77C /* Release */,
			);
			defaultConfigurationIsVisible = 0;
			defaultConfigurationName = Release;
		};
/* End XCConfigurationList section */
	};
	rootObject = B5485F9B1F027E580010D77C /* Project object */;
}
